
Microsoft Visual Studio Solution File, Format Version 12.00
# Visual Studio Version 17
VisualStudioVersion = 17.2.32616.157
MinimumVisualStudioVersion = 10.0.40219.1
Project("{FAE04EC0-301F-11D3-BF4B-00C04F79EFBC}") = "Tokenizer", "Tokenizer.csproj", "{A2D270EA-2C72-4F93-87E3-8FB86F2556E2}"
EndProject
Project("{FAE04EC0-301F-11D3-BF4B-00C04F79EFBC}") = "Tokenizer.Test", "..\Tokenizer.Test\Tokenizer.Test.csproj", "{BA6F7655-ACE2-4620-B445-1752E860542D}"
EndProject
Global
	GlobalSection(SolutionConfigurationPlatforms) = preSolution
		Debug|Any CPU = Debug|Any CPU
		Release|Any CPU = Release|Any CPU
	EndGlobalSection
	GlobalSection(ProjectConfigurationPlatforms) = postSolution
		{A2D270EA-2C72-4F93-87E3-8FB86F2556E2}.Debug|Any CPU.ActiveCfg = Debug|Any CPU
		{A2D270EA-2C72-4F93-87E3-8FB86F2556E2}.Debug|Any CPU.Build.0 = Debug|Any CPU
		{A2D270EA-2C72-4F93-87E3-8FB86F2556E2}.Release|Any CPU.ActiveCfg = Release|Any CPU
		{A2D270EA-2C72-4F93-87E3-8FB86F2556E2}.Release|Any CPU.Build.0 = Release|Any CPU
		{BA6F7655-ACE2-4620-B445-1752E860542D}.Debug|Any CPU.ActiveCfg = Debug|Any CPU
		{BA6F7655-ACE2-4620-B445-1752E860542D}.Debug|Any CPU.Build.0 = Debug|Any CPU
		{BA6F7655-ACE2-4620-B445-1752E860542D}.Release|Any CPU.ActiveCfg = Release|Any CPU
		{BA6F7655-ACE2-4620-B445-1752E860542D}.Release|Any CPU.Build.0 = Release|Any CPU
	EndGlobalSection
	GlobalSection(SolutionProperties) = preSolution
		HideSolutionNode = FALSE
	EndGlobalSection
	GlobalSection(ExtensibilityGlobals) = postSolution
		SolutionGuid = {47C8F301-786C-42C6-85DD-826D62EAF7AF}
	EndGlobalSection
EndGlobal
